
Microsoft Visual Studio Solution File, Format Version 12.00
# Visual Studio 2012
Project("{FAE04EC0-301F-11D3-BF4B-00C04F79EFBC}") = "EDCParameters", "EDCParameters\EDCParameters.csproj", "{D1B1AE28-5A14-4C0F-A0A2-7F6C16FC6996}"
EndProject
Project("{FAE04EC0-301F-11D3-BF4B-00C04F79EFBC}") = "EDCParametersAndroid", "EDCParametersAndroid\EDCParametersAndroid.csproj", "{F2669404-AA8A-4ECF-8D32-1E95B3CC95BC}"
EndProject
Global
	GlobalSection(SolutionConfigurationPlatforms) = preSolution
		Debug|Any CPU = Debug|Any CPU
		Release|Any CPU = Release|Any CPU
	EndGlobalSection
	GlobalSection(ProjectConfigurationPlatforms) = postSolution
		{D1B1AE28-5A14-4C0F-A0A2-7F6C16FC6996}.Debug|Any CPU.ActiveCfg = Debug|Any CPU
		{D1B1AE28-5A14-4C0F-A0A2-7F6C16FC6996}.Debug|Any CPU.Build.0 = Debug|Any CPU
		{D1B1AE28-5A14-4C0F-A0A2-7F6C16FC6996}.Release|Any CPU.ActiveCfg = Release|Any CPU
		{D1B1AE28-5A14-4C0F-A0A2-7F6C16FC6996}.Release|Any CPU.Build.0 = Release|Any CPU
		{F2669404-AA8A-4ECF-8D32-1E95B3CC95BC}.Debug|Any CPU.ActiveCfg = Debug|Any CPU
		{F2669404-AA8A-4ECF-8D32-1E95B3CC95BC}.Debug|Any CPU.Build.0 = Debug|Any CPU
		{F2669404-AA8A-4ECF-8D32-1E95B3CC95BC}.Release|Any CPU.ActiveCfg = Release|Any CPU
		{F2669404-AA8A-4ECF-8D32-1E95B3CC95BC}.Release|Any CPU.Build.0 = Release|Any CPU
	EndGlobalSection
	GlobalSection(MonoDevelopProperties) = preSolution
		StartupItem = EDCParameters\EDCParameters.csproj
	EndGlobalSection
EndGlobal
